{
  "version": 4,
  "terraform_version": "1.14.7",
  "serial": 28,
  "lineage": "5e2133c3-1c4b-e350-4c22-81c77fbd892b",
  "outputs": {
    "backend_alb_dns": {
      "value": "cloud-project-backend-alb-1827231138.us-east-1.elb.amazonaws.com",
      "type": "string"
    },
    "frontend_public_ip": {
      "value": "54.221.173.18",
      "type": "string"
    }
  },
  "resources": [
    {
      "mode": "data",
      "type": "aws_ami",
      "name": "ubuntu_2404",
      "provider": "provider[\"registry.terraform.io/hashicorp/aws\"]",
      "instances": [
        {
          "schema_version": 0,
          "attributes": {
            "allow_unsafe_filter": null,
            "architecture": "x86_64",
            "arn": "arn:aws:ec2:us-east-1::image/ami-009d9173b44d0482b",
            "block_device_mappings": [
              {
                "device_name": "/dev/sda1",
                "ebs": {
                  "delete_on_termination": "true",
                  "encrypted": "false",
                  "iops": "0",
                  "snapshot_id": "snap-020f75a777d51cd85",
                  "throughput": "0",
                  "volume_initialization_rate": "0",
                  "volume_size": "8",
                  "volume_type": "gp3"
                },
                "no_device": "",
                "virtual_name": ""
              },
              {
                "device_name": "/dev/sdb",
                "ebs": {},
                "no_device": "",
                "virtual_name": "ephemeral0"
              },
              {
                "device_name": "/dev/sdc",
                "ebs": {},
                "no_device": "",
                "virtual_name": "ephemeral1"
              }
            ],
            "boot_mode": "uefi-preferred",
            "creation_date": "2026-04-09T14:13:23.000Z",
            "deprecation_time": "2028-04-09T14:13:23.000Z",
            "description": "Canonical, Ubuntu, 24.04, amd64 noble image",
            "ena_support": true,
            "executable_users": null,
            "filter": [
              {
                "name": "name",
                "values": [
                  "ubuntu/images/hvm-ssd-gp3/ubuntu-noble-24.04-amd64-server-*"
                ]
              },
              {
                "name": "virtualization-type",
                "values": [
                  "hvm"
                ]
              }
            ],
            "hypervisor": "xen",
            "id": "ami-009d9173b44d0482b",
            "image_id": "ami-009d9173b44d0482b",
            "image_location": "amazon/ubuntu/images/hvm-ssd-gp3/ubuntu-noble-24.04-amd64-server-20260409",
            "image_owner_alias": "amazon",
            "image_type": "machine",
            "imds_support": "v2.0",
            "include_deprecated": false,
            "kernel_id": "",
            "last_launched_time": "",
            "most_recent": true,
            "name": "ubuntu/images/hvm-ssd-gp3/ubuntu-noble-24.04-amd64-server-20260409",
            "name_regex": null,
            "owner_id": "099720109477",
            "owners": [
              "099720109477"
            ],
            "platform": "",
            "platform_details": "Linux/UNIX",
            "product_codes": [],
            "public": true,
            "ramdisk_id": "",
            "region": "us-east-1",
            "root_device_name": "/dev/sda1",
            "root_device_type": "ebs",
            "root_snapshot_id": "snap-020f75a777d51cd85",
            "sriov_net_support": "simple",
            "state": "available",
            "state_reason": {
              "code": "UNSET",
              "message": "UNSET"
            },
            "tags": {},
            "timeouts": null,
            "tpm_support": "",
            "uefi_data": null,
            "usage_operation": "RunInstances",
            "virtualization_type": "hvm"
          },
          "sensitive_attributes": [],
          "identity_schema_version": 0
        }
      ]
    },
    {
      "module": "module.backend",
      "mode": "managed",
      "type": "aws_autoscaling_group",
      "name": "asg",
      "provider": "provider[\"registry.terraform.io/hashicorp/aws\"]",
      "instances": [
        {
          "schema_version": 1,
          "attributes": {
            "arn": "arn:aws:autoscaling:us-east-1:211125554315:autoScalingGroup:0f348ad6-3d14-44ea-8d6b-9fc7f51d5702:autoScalingGroupName/cloud-project-backend-asg",
            "availability_zone_distribution": [
              {
                "capacity_distribution_strategy": "balanced-best-effort"
              }
            ],
            "availability_zones": [
              "us-east-1a",
              "us-east-1b"
            ],
            "capacity_rebalance": false,
            "capacity_reservation_specification": [
              {
                "capacity_reservation_preference": "default",
                "capacity_reservation_target": []
              }
            ],
            "context": "",
            "default_cooldown": 300,
            "default_instance_warmup": 0,
            "desired_capacity": 2,
            "desired_capacity_type": "",
            "enabled_metrics": null,
            "force_delete": false,
            "force_delete_warm_pool": false,
            "health_check_grace_period": 300,
            "health_check_type": "ELB",
            "id": "cloud-project-backend-asg",
            "ignore_failed_scaling_activities": false,
            "initial_lifecycle_hook": [],
            "instance_maintenance_policy": [],
            "instance_refresh": [
              {
                "preferences": [
                  {
                    "alarm_specification": [],
                    "auto_rollback": false,
                    "checkpoint_delay": "",
                    "checkpoint_percentages": null,
                    "instance_warmup": "",
                    "max_healthy_percentage": 100,
                    "min_healthy_percentage": 50,
                    "scale_in_protected_instances": "Ignore",
                    "skip_matching": false,
                    "standby_instances": "Ignore"
                  }
                ],
                "strategy": "Rolling",
                "triggers": null
              }
            ],
            "launch_configuration": "",
            "launch_template": [
              {
                "id": "lt-0f8825bc841d3a363",
                "name": "cloud-project-backend-lt-20260418215721979500000005",
                "version": "$Latest"
              }
            ],
            "load_balancers": [],
            "max_instance_lifetime": 0,
            "max_size": 4,
            "metrics_granularity": "1Minute",
            "min_elb_capacity": null,
            "min_size": 2,
            "mixed_instances_policy": [],
            "name": "cloud-project-backend-asg",
            "name_prefix": "",
            "placement_group": "",
            "predicted_capacity": 0,
            "protect_from_scale_in": false,
            "region": "us-east-1",
            "service_linked_role_arn": "arn:aws:iam::211125554315:role/aws-service-role/autoscaling.amazonaws.com/AWSServiceRoleForAutoScaling",
            "suspended_processes": null,
            "tag": [
              {
                "key": "Name",
                "propagate_at_launch": true,
                "value": "cloud-project-backend-asg"
              },
              {
                "key": "Project",
                "propagate_at_launch": true,
                "value": "cloud-project"
              }
            ],
            "target_group_arns": [
              "arn:aws:elasticloadbalancing:us-east-1:211125554315:targetgroup/cloud-project-backend-tg/f732abcad078a446"
            ],
            "termination_policies": null,
            "timeouts": null,
            "traffic_source": [
              {
                "identifier": "arn:aws:elasticloadbalancing:us-east-1:211125554315:targetgroup/cloud-project-backend-tg/f732abcad078a446",
                "type": "elbv2"
              }
            ],
            "vpc_zone_identifier": [
              "subnet-04b3204777148070f",
              "subnet-05eb83c9b7b4f1109"
            ],
            "wait_for_capacity_timeout": "10m",
            "wait_for_elb_capacity": null,
            "warm_pool": [],
            "warm_pool_size": 0
          },
          "sensitive_attributes": [],
          "identity_schema_version": 0,
          "identity": {
            "account_id": "211125554315",
            "name": "cloud-project-backend-asg",
            "region": "us-east-1"
          },
          "private": "eyJlMmJmYjczMC1lY2FhLTExZTYtOGY4OC0zNDM2M2JjN2M0YzAiOnsiZGVsZXRlIjo2MDAwMDAwMDAwMDAsInVwZGF0ZSI6NjAwMDAwMDAwMDAwfSwic2NoZW1hX3ZlcnNpb24iOiIxIn0=",
          "dependencies": [
            "data.aws_ami.ubuntu_2404",
            "module.backend.aws_launch_template.backend",
            "module.backend.aws_lb_target_group.tg",
            "module.database.aws_db_instance.postgres",
            "module.database.aws_db_subnet_group.main",
            "module.network.aws_subnet.private_a",
            "module.network.aws_subnet.private_b",
            "module.network.aws_vpc.main",
            "module.security.aws_security_group.alb_sg",
            "module.security.aws_security_group.backend_sg",
            "module.security.aws_security_group.rds_sg"
          ]
        }
      ]
    },
    {
      "module": "module.backend",
      "mode": "managed",
      "type": "aws_autoscaling_policy",
      "name": "cpu",
      "provider": "provider[\"registry.terraform.io/hashicorp/aws\"]",
      "instances": [
        {
          "schema_version": 0,
          "attributes": {
            "adjustment_type": "",
            "arn": "arn:aws:autoscaling:us-east-1:211125554315:scalingPolicy:55d9e9fe-c989-4134-87c6-327ddd54c33c:autoScalingGroupName/cloud-project-backend-asg:policyName/cloud-project-cpu-target-tracking",
            "autoscaling_group_name": "cloud-project-backend-asg",
            "cooldown": 0,
            "enabled": true,
            "estimated_instance_warmup": 0,
            "id": "cloud-project-cpu-target-tracking",
            "metric_aggregation_type": "",
            "min_adjustment_magnitude": 0,
            "name": "cloud-project-cpu-target-tracking",
            "policy_type": "TargetTrackingScaling",
            "predictive_scaling_configuration": [],
            "region": "us-east-1",
            "scaling_adjustment": 0,
            "step_adjustment": [],
            "target_tracking_configuration": [
              {
                "customized_metric_specification": [],
                "disable_scale_in": false,
                "predefined_metric_specification": [
                  {
                    "predefined_metric_type": "ASGAverageCPUUtilization",
                    "resource_label": ""
                  }
                ],
                "target_value": 70
              }
            ]
          },
          "sensitive_attributes": [],
          "identity_schema_version": 0,
          "identity": {
            "account_id": "211125554315",
            "autoscaling_group_name": "cloud-project-backend-asg",
            "name": "cloud-project-cpu-target-tracking",
            "region": "us-east-1"
          },
          "private": "bnVsbA==",
          "dependencies": [
            "data.aws_ami.ubuntu_2404",
            "module.backend.aws_autoscaling_group.asg",
            "module.backend.aws_launch_template.backend",
            "module.backend.aws_lb_target_group.tg",
            "module.database.aws_db_instance.postgres",
            "module.database.aws_db_subnet_group.main",
            "module.network.aws_subnet.private_a",
            "module.network.aws_subnet.private_b",
            "module.network.aws_vpc.main",
            "module.security.aws_security_group.alb_sg",
            "module.security.aws_security_group.backend_sg",
            "module.security.aws_security_group.rds_sg"
          ]
        }
      ]
    },
    {
      "module": "module.backend",
      "mode": "managed",
      "type": "aws_launch_template",
      "name": "backend",
      "provider": "provider[\"registry.terraform.io/hashicorp/aws\"]",
      "instances": [
        {
          "schema_version": 1,
          "attributes": {
            "arn": "arn:aws:ec2:us-east-1:211125554315:launch-template/lt-0f8825bc841d3a363",
            "block_device_mappings": [],
            "capacity_reservation_specification": [],
            "cpu_options": [],
            "credit_specification": [],
            "default_version": 1,
            "description": "",
            "disable_api_stop": false,
            "disable_api_termination": false,
            "ebs_optimized": "",
            "enclave_options": [],
            "hibernation_options": [],
            "iam_instance_profile": [],
            "id": "lt-0f8825bc841d3a363",
            "image_id": "ami-009d9173b44d0482b",
            "instance_initiated_shutdown_behavior": "",
            "instance_market_options": [],
            "instance_requirements": [],
            "instance_type": "t2.micro",
            "kernel_id": "",
            "key_name": "",
            "latest_version": 1,
            "license_specification": [],
            "maintenance_options": [],
            "metadata_options": [],
            "monitoring": [],
            "name": "cloud-project-backend-lt-20260418215721979500000005",
            "name_prefix": "cloud-project-backend-lt-",
            "network_interfaces": [],
            "network_performance_options": [],
            "placement": [],
            "private_dns_name_options": [],
            "ram_disk_id": "",
            "region": "us-east-1",
            "secondary_interfaces": [],
            "security_group_names": null,
            "tag_specifications": [
              {
                "resource_type": "instance",
                "tags": {
                  "Name": "cloud-project-backend",
                  "Project": "cloud-project"
                }
              }
            ],
            "tags": null,
            "tags_all": {},
            "update_default_version": null,
            "user_data": "IyEvYmluL2Jhc2gKIyBTdG9wIG9uIGZpcnN0IGVycm9yIHRvIGF2b2lkIGhhbGYtY29uZmlndXJlZCBob3N0cy4Kc2V0IC1lCiMgR2l0SHViIFNIQSBmb3JjaW5nIExhdW5jaCBUZW1wbGF0ZSB1cGRhdGU6IGxhdGVzdAoKYXB0LWdldCB1cGRhdGUgLXkKYXB0LWdldCBpbnN0YWxsIC15IGdpdCBjdXJsIGNhLWNlcnRpZmljYXRlcyBnbnVwZwoKIyBJbnN0YWxsIE5vZGUuanMgMjAueCBmb3IgYmFja2VuZCBydW50aW1lLgppbnN0YWxsIC1tIDA3NTUgLWQgL2V0Yy9hcHQva2V5cmluZ3MKY3VybCAtZnNTTCBodHRwczovL2RlYi5ub2Rlc291cmNlLmNvbS9ncGdrZXkvbm9kZXNvdXJjZS1yZXBvLmdwZy5rZXkgfCBncGcgLS1kZWFybW9yIC1vIC9ldGMvYXB0L2tleXJpbmdzL25vZGVzb3VyY2UuZ3BnCmVjaG8gImRlYiBbc2lnbmVkLWJ5PS9ldGMvYXB0L2tleXJpbmdzL25vZGVzb3VyY2UuZ3BnXSBodHRwczovL2RlYi5ub2Rlc291cmNlLmNvbS9ub2RlXzIwLnggbm9kaXN0cm8gbWFpbiIgPiAvZXRjL2FwdC9zb3VyY2VzLmxpc3QuZC9ub2Rlc291cmNlLmxpc3QKYXB0LWdldCB1cGRhdGUgLXkKYXB0LWdldCBpbnN0YWxsIC15IG5vZGVqcwoKIyBEZXBsb3kgYXBwbGljYXRpb24gc291cmNlIGNvZGUuCmNkIC9vcHQKIyBUT0RPOiBFbnN1cmUgdGhlIHJlcG9zaXRvcnkgY29udGFpbnMgYSAvYmFja2VuZCBkaXJlY3Rvcnkgd2l0aCBhIHByb2R1Y3Rpb24gc3RhcnQgc2NyaXB0LgpnaXQgY2xvbmUgaHR0cHM6Ly9naXRodWIuY29tL1JhaWRUaGFiZXQvY2xvdWQtcHJvamVjdCBhcHAKY2QgL29wdC9hcHAvYmFja2VuZAoKbnBtIGNpCgpjYXQgPiAvZXRjL2Vudmlyb25tZW50IDw8J0VOVkZJTEUnCkRCX0hPU1Q9Y2xvdWQtcHJvamVjdC1wb3N0Z3Jlcy5jN2NvODJ3OGExdjYudXMtZWFzdC0xLnJkcy5hbWF6b25hd3MuY29tCkRCX1BPUlQ9NTQzMgpEQl9OQU1FPWFwcGRiCkRCX1VTRVI9YXBwYWRtaW4KREJfUEFTU1dPUkQ9cGFzc3dvcmQKUE9SVD0zMDAwCkVOVkZJTEUKCiMgQWxzbyBjcmVhdGUgYXBwLWxvY2FsIGVudiBmaWxlIGFuZCBleHBvcnQgdmFsdWVzIGZvciB0aGlzIGJvb3Qgc2Vzc2lvbi4KY2F0ID4gL29wdC9hcHAvYmFja2VuZC8uZW52IDw8J0VOVkZJTEUnCkRCX0hPU1Q9Y2xvdWQtcHJvamVjdC1wb3N0Z3Jlcy5jN2NvODJ3OGExdjYudXMtZWFzdC0xLnJkcy5hbWF6b25hd3MuY29tCkRCX1BPUlQ9NTQzMgpEQl9OQU1FPWFwcGRiCkRCX1VTRVI9YXBwYWRtaW4KREJfUEFTU1dPUkQ9cGFzc3dvcmQKUE9SVD0zMDAwCkVOVkZJTEUKc2V0IC1hCi4gL29wdC9hcHAvYmFja2VuZC8uZW52CnNldCArYQoKIyBTdGFydCBiYWNrZW5kIHdpdGggUE0yIHRvIGtlZXAgcHJvY2VzcyBhbGl2ZSBhY3Jvc3MgcmVib290cy4KbnBtIGluc3RhbGwgLWcgcG0yCnBtMiBzdGFydCBucG0gLS1uYW1lIGJhY2tlbmQgLS0gc3RhcnQgLS11cGRhdGUtZW52CnBtMiBzYXZlCnBtMiBzdGFydHVwIHN5c3RlbWQgLXUgcm9vdCAtLWhwIC9yb290Cg==",
            "vpc_security_group_ids": [
              "sg-03cf43e48ef947262"
            ]
          },
          "sensitive_attributes": [
            [
              {
                "type": "get_attr",
                "value": "user_data"
              }
            ]
          ],
          "identity_schema_version": 0,
          "private": "eyJzY2hlbWFfdmVyc2lvbiI6IjEifQ==",
          "dependencies": [
            "data.aws_ami.ubuntu_2404",
            "module.database.aws_db_instance.postgres",
            "module.database.aws_db_subnet_group.main",
            "module.network.aws_subnet.private_a",
            "module.network.aws_subnet.private_b",
            "module.network.aws_vpc.main",
            "module.security.aws_security_group.alb_sg",
            "module.security.aws_security_group.backend_sg",
            "module.security.aws_security_group.rds_sg"
          ]
        }
      ]
    },
    {
      "module": "module.backend",
      "mode": "managed",
      "type": "aws_lb",
      "name": "alb",
      "provider": "provider[\"registry.terraform.io/hashicorp/aws\"]",
      "instances": [
        {
          "schema_version": 0,
          "attributes": {
            "access_logs": [
              {
                "bucket": "",
                "enabled": false,
                "prefix": ""
              }
            ],
            "arn": "arn:aws:elasticloadbalancing:us-east-1:211125554315:loadbalancer/app/cloud-project-backend-alb/01f64eeedfc36f27",
            "arn_suffix": "app/cloud-project-backend-alb/01f64eeedfc36f27",
            "client_keep_alive": 3600,
            "connection_logs": [
              {
                "bucket": "",
                "enabled": false,
                "prefix": ""
              }
            ],
            "customer_owned_ipv4_pool": "",
            "desync_mitigation_mode": "defensive",
            "dns_name": "cloud-project-backend-alb-1827231138.us-east-1.elb.amazonaws.com",
            "dns_record_client_routing_policy": null,
            "drop_invalid_header_fields": false,
            "enable_cross_zone_load_balancing": true,
            "enable_deletion_protection": false,
            "enable_http2": true,
            "enable_tls_version_and_cipher_suite_headers": false,
            "enable_waf_fail_open": false,
            "enable_xff_client_port": false,
            "enable_zonal_shift": false,
            "enforce_security_group_inbound_rules_on_private_link_traffic": "",
            "health_check_logs": [
              {
                "bucket": "",
                "enabled": false,
                "prefix": ""
              }
            ],
            "id": "arn:aws:elasticloadbalancing:us-east-1:211125554315:loadbalancer/app/cloud-project-backend-alb/01f64eeedfc36f27",
            "idle_timeout": 60,
            "internal": false,
            "ip_address_type": "ipv4",
            "ipam_pools": [],
            "load_balancer_type": "application",
            "minimum_load_balancer_capacity": [],
            "name": "cloud-project-backend-alb",
            "name_prefix": "",
            "preserve_host_header": false,
            "region": "us-east-1",
            "secondary_ips_auto_assigned_per_subnet": null,
            "security_groups": [
              "sg-0db06459e117b42ff"
            ],
            "subnet_mapping": [
              {
                "allocation_id": "",
                "ipv6_address": "",
                "outpost_id": "",
                "private_ipv4_address": "",
                "subnet_id": "subnet-0bfe6de0c7d6c150d"
              },
              {
                "allocation_id": "",
                "ipv6_address": "",
                "outpost_id": "",
                "private_ipv4_address": "",
                "subnet_id": "subnet-0d164cf166fe56d64"
              }
            ],
            "subnets": [
              "subnet-0bfe6de0c7d6c150d",
              "subnet-0d164cf166fe56d64"
            ],
            "tags": {
              "Name": "cloud-project-backend-alb",
              "Project": "cloud-project"
            },
            "tags_all": {
              "Name": "cloud-project-backend-alb",
              "Project": "cloud-project"
            },
            "timeouts": null,
            "vpc_id": "vpc-0907dff8501113608",
            "xff_header_processing_mode": "append",
            "zone_id": "Z35SXDOTRQ7X7K"
          },
          "sensitive_attributes": [],
          "identity_schema_version": 0,
          "identity": {
            "arn": "arn:aws:elasticloadbalancing:us-east-1:211125554315:loadbalancer/app/cloud-project-backend-alb/01f64eeedfc36f27"
          },
          "private": "eyJlMmJmYjczMC1lY2FhLTExZTYtOGY4OC0zNDM2M2JjN2M0YzAiOnsiY3JlYXRlIjo2MDAwMDAwMDAwMDAsImRlbGV0ZSI6NjAwMDAwMDAwMDAwLCJ1cGRhdGUiOjYwMDAwMDAwMDAwMH19",
          "dependencies": [
            "module.network.aws_subnet.public_a",
            "module.network.aws_subnet.public_b",
            "module.network.aws_vpc.main",
            "module.security.aws_security_group.alb_sg"
          ]
        }
      ]
    },
    {
      "module": "module.backend",
      "mode": "managed",
      "type": "aws_lb_listener",
      "name": "listener",
      "provider": "provider[\"registry.terraform.io/hashicorp/aws\"]",
      "instances": [
        {
          "schema_version": 0,
          "attributes": {
            "alpn_policy": null,
            "arn": "arn:aws:elasticloadbalancing:us-east-1:211125554315:listener/app/cloud-project-backend-alb/01f64eeedfc36f27/2f6f35a3f35996e6",
            "certificate_arn": null,
            "default_action": [
              {
                "authenticate_cognito": [],
                "authenticate_oidc": [],
                "fixed_response": [],
                "forward": [],
                "jwt_validation": [],
                "order": 1,
                "redirect": [],
                "target_group_arn": "arn:aws:elasticloadbalancing:us-east-1:211125554315:targetgroup/cloud-project-backend-tg/f732abcad078a446",
                "type": "forward"
              }
            ],
            "id": "arn:aws:elasticloadbalancing:us-east-1:211125554315:listener/app/cloud-project-backend-alb/01f64eeedfc36f27/2f6f35a3f35996e6",
            "load_balancer_arn": "arn:aws:elasticloadbalancing:us-east-1:211125554315:loadbalancer/app/cloud-project-backend-alb/01f64eeedfc36f27",
            "mutual_authentication": [],
            "port": 80,
            "protocol": "HTTP",
            "region": "us-east-1",
            "routing_http_request_x_amzn_mtls_clientcert_header_name": null,
            "routing_http_request_x_amzn_mtls_clientcert_issuer_header_name": null,
            "routing_http_request_x_amzn_mtls_clientcert_leaf_header_name": null,
            "routing_http_request_x_amzn_mtls_clientcert_serial_number_header_name": null,
            "routing_http_request_x_amzn_mtls_clientcert_subject_header_name": null,
            "routing_http_request_x_amzn_mtls_clientcert_validity_header_name": null,
            "routing_http_request_x_amzn_tls_cipher_suite_header_name": null,
            "routing_http_request_x_amzn_tls_version_header_name": null,
            "routing_http_response_access_control_allow_credentials_header_value": "",
            "routing_http_response_access_control_allow_headers_header_value": "",
            "routing_http_response_access_control_allow_methods_header_value": "",
            "routing_http_response_access_control_allow_origin_header_value": "",
            "routing_http_response_access_control_expose_headers_header_value": "",
            "routing_http_response_access_control_max_age_header_value": "",
            "routing_http_response_content_security_policy_header_value": "",
            "routing_http_response_server_enabled": true,
            "routing_http_response_strict_transport_security_header_value": "",
            "routing_http_response_x_content_type_options_header_value": "",
            "routing_http_response_x_frame_options_header_value": "",
            "ssl_policy": "",
            "tags": {
              "Name": "cloud-project-alb-http-listener",
              "Project": "cloud-project"
            },
            "tags_all": {
              "Name": "cloud-project-alb-http-listener",
              "Project": "cloud-project"
            },
            "tcp_idle_timeout_seconds": null,
            "timeouts": null
          },
          "sensitive_attributes": [],
          "identity_schema_version": 0,
          "identity": {
            "arn": "arn:aws:elasticloadbalancing:us-east-1:211125554315:listener/app/cloud-project-backend-alb/01f64eeedfc36f27/2f6f35a3f35996e6"
          },
          "private": "eyJlMmJmYjczMC1lY2FhLTExZTYtOGY4OC0zNDM2M2JjN2M0YzAiOnsiY3JlYXRlIjozMDAwMDAwMDAwMDAsInVwZGF0ZSI6MzAwMDAwMDAwMDAwfX0=",
          "dependencies": [
            "module.backend.aws_lb.alb",
            "module.backend.aws_lb_target_group.tg",
            "module.network.aws_subnet.public_a",
            "module.network.aws_subnet.public_b",
            "module.network.aws_vpc.main",
            "module.security.aws_security_group.alb_sg"
          ]
        }
      ]
    },
    {
      "module": "module.backend",
      "mode": "managed",
      "type": "aws_lb_target_group",
      "name": "tg",
      "provider": "provider[\"registry.terraform.io/hashicorp/aws\"]",
      "instances": [
        {
          "schema_version": 0,
          "attributes": {
            "arn": "arn:aws:elasticloadbalancing:us-east-1:211125554315:targetgroup/cloud-project-backend-tg/f732abcad078a446",
            "arn_suffix": "targetgroup/cloud-project-backend-tg/f732abcad078a446",
            "connection_termination": null,
            "deregistration_delay": "300",
            "health_check": [
              {
                "enabled": true,
                "healthy_threshold": 2,
                "interval": 30,
                "matcher": "200",
                "path": "/health",
                "port": "traffic-port",
                "protocol": "HTTP",
                "timeout": 5,
                "unhealthy_threshold": 3
              }
            ],
            "id": "arn:aws:elasticloadbalancing:us-east-1:211125554315:targetgroup/cloud-project-backend-tg/f732abcad078a446",
            "ip_address_type": "ipv4",
            "lambda_multi_value_headers_enabled": false,
            "load_balancer_arns": [],
            "load_balancing_algorithm_type": "round_robin",
            "load_balancing_anomaly_mitigation": "off",
            "load_balancing_cross_zone_enabled": "use_load_balancer_configuration",
            "name": "cloud-project-backend-tg",
            "name_prefix": "",
            "port": 3000,
            "preserve_client_ip": null,
            "protocol": "HTTP",
            "protocol_version": "HTTP1",
            "proxy_protocol_v2": false,
            "region": "us-east-1",
            "slow_start": 0,
            "stickiness": [
              {
                "cookie_duration": 86400,
                "cookie_name": "",
                "enabled": false,
                "type": "lb_cookie"
              }
            ],
            "tags": {
              "Name": "cloud-project-backend-tg",
              "Project": "cloud-project"
            },
            "tags_all": {
              "Name": "cloud-project-backend-tg",
              "Project": "cloud-project"
            },
            "target_control_port": 0,
            "target_failover": [
              {
                "on_deregistration": null,
                "on_unhealthy": null
              }
            ],
            "target_group_health": [
              {
                "dns_failover": [
                  {
                    "minimum_healthy_targets_count": "1",
                    "minimum_healthy_targets_percentage": "off"
                  }
                ],
                "unhealthy_state_routing": [
                  {
                    "minimum_healthy_targets_count": 1,
                    "minimum_healthy_targets_percentage": "off"
                  }
                ]
              }
            ],
            "target_health_state": [
              {
                "enable_unhealthy_connection_termination": null,
                "unhealthy_draining_interval": null
              }
            ],
            "target_type": "instance",
            "vpc_id": "vpc-0907dff8501113608"
          },
          "sensitive_attributes": [],
          "identity_schema_version": 0,
          "identity": {
            "arn": "arn:aws:elasticloadbalancing:us-east-1:211125554315:targetgroup/cloud-project-backend-tg/f732abcad078a446"
          },
          "private": "bnVsbA==",
          "dependencies": [
            "module.network.aws_vpc.main"
          ]
        }
      ]
    },
    {
      "module": "module.database",
      "mode": "managed",
      "type": "aws_db_instance",
      "name": "postgres",
      "provider": "provider[\"registry.terraform.io/hashicorp/aws\"]",
      "instances": [
        {
          "schema_version": 2,
          "attributes": {
            "address": "cloud-project-postgres.c7co82w8a1v6.us-east-1.rds.amazonaws.com",
            "allocated_storage": 20,
            "allow_major_version_upgrade": null,
            "apply_immediately": false,
            "arn": "arn:aws:rds:us-east-1:211125554315:db:cloud-project-postgres",
            "auto_minor_version_upgrade": true,
            "availability_zone": "us-east-1b",
            "backup_retention_period": 0,
            "backup_target": "region",
            "backup_window": "07:43-08:13",
            "blue_green_update": [],
            "ca_cert_identifier": "rds-ca-rsa2048-g1",
            "character_set_name": "",
            "copy_tags_to_snapshot": false,
            "custom_iam_instance_profile": "",
            "customer_owned_ip_enabled": false,
            "database_insights_mode": "standard",
            "db_name": "appdb",
            "db_subnet_group_name": "cloud-project-db-subnet-group",
            "dedicated_log_volume": false,
            "delete_automated_backups": true,
            "deletion_protection": false,
            "domain": "",
            "domain_auth_secret_arn": "",
            "domain_dns_ips": null,
            "domain_fqdn": "",
            "domain_iam_role_name": "",
            "domain_ou": "",
            "enabled_cloudwatch_logs_exports": null,
            "endpoint": "cloud-project-postgres.c7co82w8a1v6.us-east-1.rds.amazonaws.com:5432",
            "engine": "postgres",
            "engine_lifecycle_support": "open-source-rds-extended-support",
            "engine_version": "16",
            "engine_version_actual": "16.10",
            "final_snapshot_identifier": null,
            "hosted_zone_id": "Z2R2ITUGPM61AM",
            "iam_database_authentication_enabled": false,
            "id": "db-QSP4DO6IFF7EQYIKG33MGVRXZU",
            "identifier": "cloud-project-postgres",
            "identifier_prefix": "",
            "instance_class": "db.t3.micro",
            "iops": 0,
            "kms_key_id": "",
            "latest_restorable_time": "",
            "license_model": "postgresql-license",
            "listener_endpoint": [],
            "maintenance_window": "sat:08:43-sat:09:13",
            "manage_master_user_password": null,
            "master_user_secret": [],
            "master_user_secret_kms_key_id": null,
            "max_allocated_storage": 0,
            "monitoring_interval": 0,
            "monitoring_role_arn": "",
            "multi_az": false,
            "nchar_character_set_name": "",
            "network_type": "IPV4",
            "option_group_name": "default:postgres-16",
            "parameter_group_name": "default.postgres16",
            "password": "password",
            "password_wo": null,
            "password_wo_version": null,
            "performance_insights_enabled": false,
            "performance_insights_kms_key_id": "",
            "performance_insights_retention_period": 0,
            "port": 5432,
            "publicly_accessible": false,
            "region": "us-east-1",
            "replica_mode": "",
            "replicas": [],
            "replicate_source_db": "",
            "resource_id": "db-QSP4DO6IFF7EQYIKG33MGVRXZU",
            "restore_to_point_in_time": [],
            "s3_import": [],
            "skip_final_snapshot": true,
            "snapshot_identifier": null,
            "status": "available",
            "storage_encrypted": false,
            "storage_throughput": 0,
            "storage_type": "gp2",
            "tags": {
              "Name": "cloud-project-postgres",
              "Project": "cloud-project"
            },
            "tags_all": {
              "Name": "cloud-project-postgres",
              "Project": "cloud-project"
            },
            "timeouts": null,
            "timezone": "",
            "upgrade_rollout_order": "second",
            "upgrade_storage_config": null,
            "username": "appadmin",
            "vpc_security_group_ids": [
              "sg-0df729f02f85dee78"
            ]
          },
          "sensitive_attributes": [
            [
              {
                "type": "get_attr",
                "value": "password"
              }
            ],
            [
              {
                "type": "get_attr",
                "value": "password_wo"
              }
            ]
          ],
          "identity_schema_version": 0,
          "private": "eyJlMmJmYjczMC1lY2FhLTExZTYtOGY4OC0zNDM2M2JjN2M0YzAiOnsiY3JlYXRlIjozMDAwMDAwMDAwMDAwLCJkZWxldGUiOjM2MDAwMDAwMDAwMDAsInVwZGF0ZSI6NDgwMDAwMDAwMDAwMH0sInNjaGVtYV92ZXJzaW9uIjoiMiJ9",
          "dependencies": [
            "module.database.aws_db_subnet_group.main",
            "module.network.aws_subnet.private_a",
            "module.network.aws_subnet.private_b",
            "module.network.aws_vpc.main",
            "module.security.aws_security_group.alb_sg",
            "module.security.aws_security_group.backend_sg",
            "module.security.aws_security_group.rds_sg"
          ]
        }
      ]
    },
    {
      "module": "module.database",
      "mode": "managed",
      "type": "aws_db_subnet_group",
      "name": "main",
      "provider": "provider[\"registry.terraform.io/hashicorp/aws\"]",
      "instances": [
        {
          "schema_version": 0,
          "attributes": {
            "arn": "arn:aws:rds:us-east-1:211125554315:subgrp:cloud-project-db-subnet-group",
            "description": "Managed by Terraform",
            "id": "cloud-project-db-subnet-group",
            "name": "cloud-project-db-subnet-group",
            "name_prefix": "",
            "region": "us-east-1",
            "subnet_ids": [
              "subnet-04b3204777148070f",
              "subnet-05eb83c9b7b4f1109"
            ],
            "supported_network_types": [
              "IPV4"
            ],
            "tags": {
              "Name": "cloud-project-db-subnet-group",
              "Project": "cloud-project"
            },
            "tags_all": {
              "Name": "cloud-project-db-subnet-group",
              "Project": "cloud-project"
            },
            "vpc_id": "vpc-0907dff8501113608"
          },
          "sensitive_attributes": [],
          "identity_schema_version": 0,
          "private": "bnVsbA==",
          "dependencies": [
            "module.network.aws_subnet.private_a",
            "module.network.aws_subnet.private_b",
            "module.network.aws_vpc.main"
          ]
        }
      ]
    },
    {
      "module": "module.frontend",
      "mode": "managed",
      "type": "aws_instance",
      "name": "frontend",
      "provider": "provider[\"registry.terraform.io/hashicorp/aws\"]",
      "instances": [
        {
          "schema_version": 2,
          "attributes": {
            "ami": "ami-009d9173b44d0482b",
            "arn": "arn:aws:ec2:us-east-1:211125554315:instance/i-02b33bbe257bb6bd1",
            "associate_public_ip_address": true,
            "availability_zone": "us-east-1a",
            "capacity_reservation_specification": [
              {
                "capacity_reservation_preference": "open",
                "capacity_reservation_target": []
              }
            ],
            "cpu_options": [
              {
                "amd_sev_snp": "",
                "core_count": 1,
                "nested_virtualization": "",
                "threads_per_core": 1
              }
            ],
            "credit_specification": [
              {
                "cpu_credits": "standard"
              }
            ],
            "disable_api_stop": false,
            "disable_api_termination": false,
            "ebs_block_device": [],
            "ebs_optimized": false,
            "enable_primary_ipv6": null,
            "enclave_options": [
              {
                "enabled": false
              }
            ],
            "ephemeral_block_device": [],
            "force_destroy": false,
            "get_password_data": false,
            "hibernation": false,
            "host_id": "",
            "host_resource_group_arn": null,
            "iam_instance_profile": "",
            "id": "i-02b33bbe257bb6bd1",
            "instance_initiated_shutdown_behavior": "stop",
            "instance_lifecycle": "",
            "instance_market_options": [],
            "instance_state": "running",
            "instance_type": "t2.micro",
            "ipv6_address_count": 0,
            "ipv6_addresses": [],
            "key_name": "",
            "launch_template": [],
            "maintenance_options": [
              {
                "auto_recovery": "default"
              }
            ],
            "metadata_options": [
              {
                "http_endpoint": "enabled",
                "http_protocol_ipv6": "disabled",
                "http_put_response_hop_limit": 2,
                "http_tokens": "required",
                "instance_metadata_tags": "disabled"
              }
            ],
            "monitoring": false,
            "network_interface": [],
            "outpost_arn": "",
            "password_data": "",
            "placement_group": "",
            "placement_group_id": "",
            "placement_partition_number": 0,
            "primary_network_interface": [
              {
                "delete_on_termination": true,
                "network_interface_id": "eni-06a40b4e8a2c22003"
              }
            ],
            "primary_network_interface_id": "eni-06a40b4e8a2c22003",
            "private_dns": "ip-10-0-1-68.ec2.internal",
            "private_dns_name_options": [
              {
                "enable_resource_name_dns_a_record": false,
                "enable_resource_name_dns_aaaa_record": false,
                "hostname_type": "ip-name"
              }
            ],
            "private_ip": "10.0.1.68",
            "public_dns": "ec2-54-221-173-18.compute-1.amazonaws.com",
            "public_ip": "54.221.173.18",
            "region": "us-east-1",
            "root_block_device": [
              {
                "delete_on_termination": true,
                "device_name": "/dev/sda1",
                "encrypted": false,
                "iops": 3000,
                "kms_key_id": "",
                "tags": {},
                "tags_all": {},
                "throughput": 125,
                "volume_id": "vol-0d7dce65bbe446d56",
                "volume_size": 8,
                "volume_type": "gp3"
              }
            ],
            "secondary_network_interface": [],
            "secondary_private_ips": [],
            "security_groups": [],
            "source_dest_check": true,
            "spot_instance_request_id": "",
            "subnet_id": "subnet-0bfe6de0c7d6c150d",
            "tags": {
              "Name": "cloud-project-frontend-ec2",
              "Project": "cloud-project"
            },
            "tags_all": {
              "Name": "cloud-project-frontend-ec2",
              "Project": "cloud-project"
            },
            "tenancy": "default",
            "timeouts": null,
            "user_data": "#!/bin/bash\n# Stop on first error to avoid partial frontend deployment.\nset -e\n# GitHub SHA forcing EC2 Instance replacement: latest\n\napt-get update -y\napt-get install -y nginx git\n\ncd /opt\n# TODO: Ensure the repository contains a /frontend folder with index.html, style.css, and app.js.\ngit clone https://github.com/RaidThabet/cloud-project app\n# TODO: If your frontend uses a different API variable, adjust this replacement command.\nsed -i \"s|http://\u003cALB_DNS_PLACEHOLDER\u003e|http://cloud-project-backend-alb-1827231138.us-east-1.elb.amazonaws.com|g\" app/frontend/app.js || true\ncp -r /opt/app/frontend/* /var/www/html/\n\nsystemctl enable nginx\nsystemctl restart nginx\n",
            "user_data_base64": null,
            "user_data_replace_on_change": false,
            "volume_tags": null,
            "vpc_security_group_ids": [
              "sg-0cd2aa2270a88589e"
            ]
          },
          "sensitive_attributes": [],
          "identity_schema_version": 0,
          "identity": {
            "account_id": "211125554315",
            "id": "i-02b33bbe257bb6bd1",
            "region": "us-east-1"
          },
          "private": "eyJlMmJmYjczMC1lY2FhLTExZTYtOGY4OC0zNDM2M2JjN2M0YzAiOnsiY3JlYXRlIjo2MDAwMDAwMDAwMDAsImRlbGV0ZSI6MTIwMDAwMDAwMDAwMCwicmVhZCI6OTAwMDAwMDAwMDAwLCJ1cGRhdGUiOjYwMDAwMDAwMDAwMH0sInNjaGVtYV92ZXJzaW9uIjoiMiJ9",
          "dependencies": [
            "data.aws_ami.ubuntu_2404",
            "module.backend.aws_lb.alb",
            "module.network.aws_subnet.public_a",
            "module.network.aws_subnet.public_b",
            "module.network.aws_vpc.main",
            "module.security.aws_security_group.alb_sg",
            "module.security.aws_security_group.frontend_sg",
            "module.security.data.http.my_public_ip"
          ]
        }
      ]
    },
    {
      "module": "module.network",
      "mode": "managed",
      "type": "aws_eip",
      "name": "nat",
      "provider": "provider[\"registry.terraform.io/hashicorp/aws\"]",
      "instances": [
        {
          "schema_version": 0,
          "attributes": {
            "address": null,
            "allocation_id": "eipalloc-01960a9d2c380c9bf",
            "arn": "arn:aws:ec2:us-east-1:211125554315:elastic-ip/eipalloc-01960a9d2c380c9bf",
            "associate_with_private_ip": null,
            "association_id": "",
            "carrier_ip": "",
            "customer_owned_ip": "",
            "customer_owned_ipv4_pool": "",
            "domain": "vpc",
            "id": "eipalloc-01960a9d2c380c9bf",
            "instance": "",
            "ipam_pool_id": null,
            "network_border_group": "us-east-1",
            "network_interface": "",
            "private_dns": null,
            "private_ip": "",
            "ptr_record": "",
            "public_dns": "ec2-98-90-74-233.compute-1.amazonaws.com",
            "public_ip": "98.90.74.233",
            "public_ipv4_pool": "amazon",
            "region": "us-east-1",
            "tags": {
              "Name": "cloud-project-nat-eip",
              "Project": "cloud-project"
            },
            "tags_all": {
              "Name": "cloud-project-nat-eip",
              "Project": "cloud-project"
            },
            "timeouts": null
          },
          "sensitive_attributes": [],
          "identity_schema_version": 0,
          "private": "eyJlMmJmYjczMC1lY2FhLTExZTYtOGY4OC0zNDM2M2JjN2M0YzAiOnsiZGVsZXRlIjoxODAwMDAwMDAwMDAsInJlYWQiOjkwMDAwMDAwMDAwMCwidXBkYXRlIjozMDAwMDAwMDAwMDB9fQ=="
        }
      ]
    },
    {
      "module": "module.network",
      "mode": "managed",
      "type": "aws_internet_gateway",
      "name": "main",
      "provider": "provider[\"registry.terraform.io/hashicorp/aws\"]",
      "instances": [
        {
          "schema_version": 0,
          "attributes": {
            "arn": "arn:aws:ec2:us-east-1:211125554315:internet-gateway/igw-0284abda692010093",
            "id": "igw-0284abda692010093",
            "owner_id": "211125554315",
            "region": "us-east-1",
            "tags": {
              "Name": "cloud-project-igw",
              "Project": "cloud-project"
            },
            "tags_all": {
              "Name": "cloud-project-igw",
              "Project": "cloud-project"
            },
            "timeouts": null,
            "vpc_id": "vpc-0907dff8501113608"
          },
          "sensitive_attributes": [],
          "identity_schema_version": 0,
          "private": "eyJlMmJmYjczMC1lY2FhLTExZTYtOGY4OC0zNDM2M2JjN2M0YzAiOnsiY3JlYXRlIjoxMjAwMDAwMDAwMDAwLCJkZWxldGUiOjEyMDAwMDAwMDAwMDAsInVwZGF0ZSI6MTIwMDAwMDAwMDAwMH19",
          "dependencies": [
            "module.network.aws_vpc.main"
          ]
        }
      ]
    },
    {
      "module": "module.network",
      "mode": "managed",
      "type": "aws_nat_gateway",
      "name": "main",
      "provider": "provider[\"registry.terraform.io/hashicorp/aws\"]",
      "instances": [
        {
          "schema_version": 0,
          "attributes": {
            "allocation_id": "eipalloc-01960a9d2c380c9bf",
            "association_id": "eipassoc-07bf8f5ba0150c59a",
            "auto_provision_zones": null,
            "auto_scaling_ips": null,
            "availability_mode": "zonal",
            "availability_zone_address": [],
            "connectivity_type": "public",
            "id": "nat-0a6cb5a818d53f0c5",
            "network_interface_id": "eni-09a0bc12571d9b036",
            "private_ip": "10.0.1.173",
            "public_ip": "98.90.74.233",
            "region": "us-east-1",
            "regional_nat_gateway_address": [],
            "regional_nat_gateway_auto_mode": null,
            "route_table_id": null,
            "secondary_allocation_ids": [],
            "secondary_private_ip_address_count": 0,
            "secondary_private_ip_addresses": [],
            "subnet_id": "subnet-0bfe6de0c7d6c150d",
            "tags": {
              "Name": "cloud-project-nat-gateway",
              "Project": "cloud-project"
            },
            "tags_all": {
              "Name": "cloud-project-nat-gateway",
              "Project": "cloud-project"
            },
            "timeouts": null,
            "vpc_id": "vpc-0907dff8501113608"
          },
          "sensitive_attributes": [],
          "identity_schema_version": 0,
          "identity": {
            "account_id": "211125554315",
            "id": "nat-0a6cb5a818d53f0c5",
            "region": "us-east-1"
          },
          "private": "eyJlMmJmYjczMC1lY2FhLTExZTYtOGY4OC0zNDM2M2JjN2M0YzAiOnsiY3JlYXRlIjo2MDAwMDAwMDAwMDAsImRlbGV0ZSI6MTgwMDAwMDAwMDAwMCwidXBkYXRlIjo2MDAwMDAwMDAwMDB9fQ==",
          "dependencies": [
            "module.network.aws_eip.nat",
            "module.network.aws_internet_gateway.main",
            "module.network.aws_subnet.public_a",
            "module.network.aws_vpc.main"
          ]
        }
      ]
    },
    {
      "module": "module.network",
      "mode": "managed",
      "type": "aws_route_table",
      "name": "private",
      "provider": "provider[\"registry.terraform.io/hashicorp/aws\"]",
      "instances": [
        {
          "schema_version": 0,
          "attributes": {
            "arn": "arn:aws:ec2:us-east-1:211125554315:route-table/rtb-0dd9d49345bb5eeb0",
            "id": "rtb-0dd9d49345bb5eeb0",
            "owner_id": "211125554315",
            "propagating_vgws": [],
            "region": "us-east-1",
            "route": [
              {
                "carrier_gateway_id": "",
                "cidr_block": "0.0.0.0/0",
                "core_network_arn": "",
                "destination_prefix_list_id": "",
                "egress_only_gateway_id": "",
                "gateway_id": "",
                "ipv6_cidr_block": "",
                "local_gateway_id": "",
                "nat_gateway_id": "nat-0a6cb5a818d53f0c5",
                "network_interface_id": "",
                "transit_gateway_id": "",
                "vpc_endpoint_id": "",
                "vpc_peering_connection_id": ""
              }
            ],
            "tags": {
              "Name": "cloud-project-private-rt",
              "Project": "cloud-project"
            },
            "tags_all": {
              "Name": "cloud-project-private-rt",
              "Project": "cloud-project"
            },
            "timeouts": null,
            "vpc_id": "vpc-0907dff8501113608"
          },
          "sensitive_attributes": [],
          "identity_schema_version": 0,
          "identity": {
            "account_id": "211125554315",
            "id": "rtb-0dd9d49345bb5eeb0",
            "region": "us-east-1"
          },
          "private": "eyJlMmJmYjczMC1lY2FhLTExZTYtOGY4OC0zNDM2M2JjN2M0YzAiOnsiY3JlYXRlIjozMDAwMDAwMDAwMDAsImRlbGV0ZSI6MzAwMDAwMDAwMDAwLCJ1cGRhdGUiOjEyMDAwMDAwMDAwMH19",
          "dependencies": [
            "module.network.aws_eip.nat",
            "module.network.aws_internet_gateway.main",
            "module.network.aws_nat_gateway.main",
            "module.network.aws_subnet.public_a",
            "module.network.aws_vpc.main"
          ]
        }
      ]
    },
    {
      "module": "module.network",
      "mode": "managed",
      "type": "aws_route_table",
      "name": "public",
      "provider": "provider[\"registry.terraform.io/hashicorp/aws\"]",
      "instances": [
        {
          "schema_version": 0,
          "attributes": {
            "arn": "arn:aws:ec2:us-east-1:211125554315:route-table/rtb-00979555d904b2cc5",
            "id": "rtb-00979555d904b2cc5",
            "owner_id": "211125554315",
            "propagating_vgws": [],
            "region": "us-east-1",
            "route": [
              {
                "carrier_gateway_id": "",
                "cidr_block": "0.0.0.0/0",
                "core_network_arn": "",
                "destination_prefix_list_id": "",
                "egress_only_gateway_id": "",
                "gateway_id": "igw-0284abda692010093",
                "ipv6_cidr_block": "",
                "local_gateway_id": "",
                "nat_gateway_id": "",
                "network_interface_id": "",
                "transit_gateway_id": "",
                "vpc_endpoint_id": "",
                "vpc_peering_connection_id": ""
              }
            ],
            "tags": {
              "Name": "cloud-project-public-rt",
              "Project": "cloud-project"
            },
            "tags_all": {
              "Name": "cloud-project-public-rt",
              "Project": "cloud-project"
            },
            "timeouts": null,
            "vpc_id": "vpc-0907dff8501113608"
          },
          "sensitive_attributes": [],
          "identity_schema_version": 0,
          "identity": {
            "account_id": "211125554315",
            "id": "rtb-00979555d904b2cc5",
            "region": "us-east-1"
          },
          "private": "eyJlMmJmYjczMC1lY2FhLTExZTYtOGY4OC0zNDM2M2JjN2M0YzAiOnsiY3JlYXRlIjozMDAwMDAwMDAwMDAsImRlbGV0ZSI6MzAwMDAwMDAwMDAwLCJ1cGRhdGUiOjEyMDAwMDAwMDAwMH19",
          "dependencies": [
            "module.network.aws_internet_gateway.main",
            "module.network.aws_vpc.main"
          ]
        }
      ]
    },
    {
      "module": "module.network",
      "mode": "managed",
      "type": "aws_route_table_association",
      "name": "private_a",
      "provider": "provider[\"registry.terraform.io/hashicorp/aws\"]",
      "instances": [
        {
          "schema_version": 0,
          "attributes": {
            "gateway_id": "",
            "id": "rtbassoc-063685257f698b3f7",
            "region": "us-east-1",
            "route_table_id": "rtb-0dd9d49345bb5eeb0",
            "subnet_id": "subnet-05eb83c9b7b4f1109",
            "timeouts": null
          },
          "sensitive_attributes": [],
          "identity_schema_version": 0,
          "identity": {
            "account_id": "211125554315",
            "id": "rtbassoc-063685257f698b3f7",
            "region": "us-east-1"
          },
          "private": "eyJlMmJmYjczMC1lY2FhLTExZTYtOGY4OC0zNDM2M2JjN2M0YzAiOnsiY3JlYXRlIjozMDAwMDAwMDAwMDAsImRlbGV0ZSI6MzAwMDAwMDAwMDAwLCJ1cGRhdGUiOjEyMDAwMDAwMDAwMH19",
          "dependencies": [
            "module.network.aws_eip.nat",
            "module.network.aws_internet_gateway.main",
            "module.network.aws_nat_gateway.main",
            "module.network.aws_route_table.private",
            "module.network.aws_subnet.private_a",
            "module.network.aws_subnet.public_a",
            "module.network.aws_vpc.main"
          ]
        }
      ]
    },
    {
      "module": "module.network",
      "mode": "managed",
      "type": "aws_route_table_association",
      "name": "private_b",
      "provider": "provider[\"registry.terraform.io/hashicorp/aws\"]",
      "instances": [
        {
          "schema_version": 0,
          "attributes": {
            "gateway_id": "",
            "id": "rtbassoc-07a1a53b82ccad265",
            "region": "us-east-1",
            "route_table_id": "rtb-0dd9d49345bb5eeb0",
            "subnet_id": "subnet-04b3204777148070f",
            "timeouts": null
          },
          "sensitive_attributes": [],
          "identity_schema_version": 0,
          "identity": {
            "account_id": "211125554315",
            "id": "rtbassoc-07a1a53b82ccad265",
            "region": "us-east-1"
          },
          "private": "eyJlMmJmYjczMC1lY2FhLTExZTYtOGY4OC0zNDM2M2JjN2M0YzAiOnsiY3JlYXRlIjozMDAwMDAwMDAwMDAsImRlbGV0ZSI6MzAwMDAwMDAwMDAwLCJ1cGRhdGUiOjEyMDAwMDAwMDAwMH19",
          "dependencies": [
            "module.network.aws_eip.nat",
            "module.network.aws_internet_gateway.main",
            "module.network.aws_nat_gateway.main",
            "module.network.aws_route_table.private",
            "module.network.aws_subnet.private_b",
            "module.network.aws_subnet.public_a",
            "module.network.aws_vpc.main"
          ]
        }
      ]
    },
    {
      "module": "module.network",
      "mode": "managed",
      "type": "aws_route_table_association",
      "name": "public_a",
      "provider": "provider[\"registry.terraform.io/hashicorp/aws\"]",
      "instances": [
        {
          "schema_version": 0,
          "attributes": {
            "gateway_id": "",
            "id": "rtbassoc-0e7297e4df7196726",
            "region": "us-east-1",
            "route_table_id": "rtb-00979555d904b2cc5",
            "subnet_id": "subnet-0bfe6de0c7d6c150d",
            "timeouts": null
          },
          "sensitive_attributes": [],
          "identity_schema_version": 0,
          "identity": {
            "account_id": "211125554315",
            "id": "rtbassoc-0e7297e4df7196726",
            "region": "us-east-1"
          },
          "private": "eyJlMmJmYjczMC1lY2FhLTExZTYtOGY4OC0zNDM2M2JjN2M0YzAiOnsiY3JlYXRlIjozMDAwMDAwMDAwMDAsImRlbGV0ZSI6MzAwMDAwMDAwMDAwLCJ1cGRhdGUiOjEyMDAwMDAwMDAwMH19",
          "dependencies": [
            "module.network.aws_internet_gateway.main",
            "module.network.aws_route_table.public",
            "module.network.aws_subnet.public_a",
            "module.network.aws_vpc.main"
          ]
        }
      ]
    },
    {
      "module": "module.network",
      "mode": "managed",
      "type": "aws_route_table_association",
      "name": "public_b",
      "provider": "provider[\"registry.terraform.io/hashicorp/aws\"]",
      "instances": [
        {
          "schema_version": 0,
          "attributes": {
            "gateway_id": "",
            "id": "rtbassoc-0e340b69d9f9b5021",
            "region": "us-east-1",
            "route_table_id": "rtb-00979555d904b2cc5",
            "subnet_id": "subnet-0d164cf166fe56d64",
            "timeouts": null
          },
          "sensitive_attributes": [],
          "identity_schema_version": 0,
          "identity": {
            "account_id": "211125554315",
            "id": "rtbassoc-0e340b69d9f9b5021",
            "region": "us-east-1"
          },
          "private": "eyJlMmJmYjczMC1lY2FhLTExZTYtOGY4OC0zNDM2M2JjN2M0YzAiOnsiY3JlYXRlIjozMDAwMDAwMDAwMDAsImRlbGV0ZSI6MzAwMDAwMDAwMDAwLCJ1cGRhdGUiOjEyMDAwMDAwMDAwMH19",
          "dependencies": [
            "module.network.aws_internet_gateway.main",
            "module.network.aws_route_table.public",
            "module.network.aws_subnet.public_b",
            "module.network.aws_vpc.main"
          ]
        }
      ]
    },
    {
      "module": "module.network",
      "mode": "managed",
      "type": "aws_subnet",
      "name": "private_a",
      "provider": "provider[\"registry.terraform.io/hashicorp/aws\"]",
      "instances": [
        {
          "schema_version": 1,
          "attributes": {
            "arn": "arn:aws:ec2:us-east-1:211125554315:subnet/subnet-05eb83c9b7b4f1109",
            "assign_ipv6_address_on_creation": false,
            "availability_zone": "us-east-1a",
            "availability_zone_id": "use1-az6",
            "cidr_block": "10.0.3.0/24",
            "customer_owned_ipv4_pool": "",
            "enable_dns64": false,
            "enable_lni_at_device_index": 0,
            "enable_resource_name_dns_a_record_on_launch": false,
            "enable_resource_name_dns_aaaa_record_on_launch": false,
            "id": "subnet-05eb83c9b7b4f1109",
            "ipv4_ipam_pool_id": null,
            "ipv4_netmask_length": null,
            "ipv6_cidr_block": "",
            "ipv6_cidr_block_association_id": "",
            "ipv6_ipam_pool_id": null,
            "ipv6_native": false,
            "ipv6_netmask_length": null,
            "map_customer_owned_ip_on_launch": false,
            "map_public_ip_on_launch": false,
            "outpost_arn": "",
            "owner_id": "211125554315",
            "private_dns_hostname_type_on_launch": "ip-name",
            "region": "us-east-1",
            "tags": {
              "Name": "cloud-project-private-a",
              "Project": "cloud-project"
            },
            "tags_all": {
              "Name": "cloud-project-private-a",
              "Project": "cloud-project"
            },
            "timeouts": null,
            "vpc_id": "vpc-0907dff8501113608"
          },
          "sensitive_attributes": [],
          "identity_schema_version": 0,
          "identity": {
            "account_id": "211125554315",
            "id": "subnet-05eb83c9b7b4f1109",
            "region": "us-east-1"
          },
          "private": "eyJlMmJmYjczMC1lY2FhLTExZTYtOGY4OC0zNDM2M2JjN2M0YzAiOnsiY3JlYXRlIjo2MDAwMDAwMDAwMDAsImRlbGV0ZSI6MTIwMDAwMDAwMDAwMH0sInNjaGVtYV92ZXJzaW9uIjoiMSJ9",
          "dependencies": [
            "module.network.aws_vpc.main"
          ]
        }
      ]
    },
    {
      "module": "module.network",
      "mode": "managed",
      "type": "aws_subnet",
      "name": "private_b",
      "provider": "provider[\"registry.terraform.io/hashicorp/aws\"]",
      "instances": [
        {
          "schema_version": 1,
          "attributes": {
            "arn": "arn:aws:ec2:us-east-1:211125554315:subnet/subnet-04b3204777148070f",
            "assign_ipv6_address_on_creation": false,
            "availability_zone": "us-east-1b",
            "availability_zone_id": "use1-az1",
            "cidr_block": "10.0.4.0/24",
            "customer_owned_ipv4_pool": "",
            "enable_dns64": false,
            "enable_lni_at_device_index": 0,
            "enable_resource_name_dns_a_record_on_launch": false,
            "enable_resource_name_dns_aaaa_record_on_launch": false,
            "id": "subnet-04b3204777148070f",
            "ipv4_ipam_pool_id": null,
            "ipv4_netmask_length": null,
            "ipv6_cidr_block": "",
            "ipv6_cidr_block_association_id": "",
            "ipv6_ipam_pool_id": null,
            "ipv6_native": false,
            "ipv6_netmask_length": null,
            "map_customer_owned_ip_on_launch": false,
            "map_public_ip_on_launch": false,
            "outpost_arn": "",
            "owner_id": "211125554315",
            "private_dns_hostname_type_on_launch": "ip-name",
            "region": "us-east-1",
            "tags": {
              "Name": "cloud-project-private-b",
              "Project": "cloud-project"
            },
            "tags_all": {
              "Name": "cloud-project-private-b",
              "Project": "cloud-project"
            },
            "timeouts": null,
            "vpc_id": "vpc-0907dff8501113608"
          },
          "sensitive_attributes": [],
          "identity_schema_version": 0,
          "identity": {
            "account_id": "211125554315",
            "id": "subnet-04b3204777148070f",
            "region": "us-east-1"
          },
          "private": "eyJlMmJmYjczMC1lY2FhLTExZTYtOGY4OC0zNDM2M2JjN2M0YzAiOnsiY3JlYXRlIjo2MDAwMDAwMDAwMDAsImRlbGV0ZSI6MTIwMDAwMDAwMDAwMH0sInNjaGVtYV92ZXJzaW9uIjoiMSJ9",
          "dependencies": [
            "module.network.aws_vpc.main"
          ]
        }
      ]
    },
    {
      "module": "module.network",
      "mode": "managed",
      "type": "aws_subnet",
      "name": "public_a",
      "provider": "provider[\"registry.terraform.io/hashicorp/aws\"]",
      "instances": [
        {
          "schema_version": 1,
          "attributes": {
            "arn": "arn:aws:ec2:us-east-1:211125554315:subnet/subnet-0bfe6de0c7d6c150d",
            "assign_ipv6_address_on_creation": false,
            "availability_zone": "us-east-1a",
            "availability_zone_id": "use1-az6",
            "cidr_block": "10.0.1.0/24",
            "customer_owned_ipv4_pool": "",
            "enable_dns64": false,
            "enable_lni_at_device_index": 0,
            "enable_resource_name_dns_a_record_on_launch": false,
            "enable_resource_name_dns_aaaa_record_on_launch": false,
            "id": "subnet-0bfe6de0c7d6c150d",
            "ipv4_ipam_pool_id": null,
            "ipv4_netmask_length": null,
            "ipv6_cidr_block": "",
            "ipv6_cidr_block_association_id": "",
            "ipv6_ipam_pool_id": null,
            "ipv6_native": false,
            "ipv6_netmask_length": null,
            "map_customer_owned_ip_on_launch": false,
            "map_public_ip_on_launch": true,
            "outpost_arn": "",
            "owner_id": "211125554315",
            "private_dns_hostname_type_on_launch": "ip-name",
            "region": "us-east-1",
            "tags": {
              "Name": "cloud-project-public-a",
              "Project": "cloud-project"
            },
            "tags_all": {
              "Name": "cloud-project-public-a",
              "Project": "cloud-project"
            },
            "timeouts": null,
            "vpc_id": "vpc-0907dff8501113608"
          },
          "sensitive_attributes": [],
          "identity_schema_version": 0,
          "identity": {
            "account_id": "211125554315",
            "id": "subnet-0bfe6de0c7d6c150d",
            "region": "us-east-1"
          },
          "private": "eyJlMmJmYjczMC1lY2FhLTExZTYtOGY4OC0zNDM2M2JjN2M0YzAiOnsiY3JlYXRlIjo2MDAwMDAwMDAwMDAsImRlbGV0ZSI6MTIwMDAwMDAwMDAwMH0sInNjaGVtYV92ZXJzaW9uIjoiMSJ9",
          "dependencies": [
            "module.network.aws_vpc.main"
          ]
        }
      ]
    },
    {
      "module": "module.network",
      "mode": "managed",
      "type": "aws_subnet",
      "name": "public_b",
      "provider": "provider[\"registry.terraform.io/hashicorp/aws\"]",
      "instances": [
        {
          "schema_version": 1,
          "attributes": {
            "arn": "arn:aws:ec2:us-east-1:211125554315:subnet/subnet-0d164cf166fe56d64",
            "assign_ipv6_address_on_creation": false,
            "availability_zone": "us-east-1b",
            "availability_zone_id": "use1-az1",
            "cidr_block": "10.0.2.0/24",
            "customer_owned_ipv4_pool": "",
            "enable_dns64": false,
            "enable_lni_at_device_index": 0,
            "enable_resource_name_dns_a_record_on_launch": false,
            "enable_resource_name_dns_aaaa_record_on_launch": false,
            "id": "subnet-0d164cf166fe56d64",
            "ipv4_ipam_pool_id": null,
            "ipv4_netmask_length": null,
            "ipv6_cidr_block": "",
            "ipv6_cidr_block_association_id": "",
            "ipv6_ipam_pool_id": null,
            "ipv6_native": false,
            "ipv6_netmask_length": null,
            "map_customer_owned_ip_on_launch": false,
            "map_public_ip_on_launch": true,
            "outpost_arn": "",
            "owner_id": "211125554315",
            "private_dns_hostname_type_on_launch": "ip-name",
            "region": "us-east-1",
            "tags": {
              "Name": "cloud-project-public-b",
              "Project": "cloud-project"
            },
            "tags_all": {
              "Name": "cloud-project-public-b",
              "Project": "cloud-project"
            },
            "timeouts": null,
            "vpc_id": "vpc-0907dff8501113608"
          },
          "sensitive_attributes": [],
          "identity_schema_version": 0,
          "identity": {
            "account_id": "211125554315",
            "id": "subnet-0d164cf166fe56d64",
            "region": "us-east-1"
          },
          "private": "eyJlMmJmYjczMC1lY2FhLTExZTYtOGY4OC0zNDM2M2JjN2M0YzAiOnsiY3JlYXRlIjo2MDAwMDAwMDAwMDAsImRlbGV0ZSI6MTIwMDAwMDAwMDAwMH0sInNjaGVtYV92ZXJzaW9uIjoiMSJ9",
          "dependencies": [
            "module.network.aws_vpc.main"
          ]
        }
      ]
    },
    {
      "module": "module.network",
      "mode": "managed",
      "type": "aws_vpc",
      "name": "main",
      "provider": "provider[\"registry.terraform.io/hashicorp/aws\"]",
      "instances": [
        {
          "schema_version": 1,
          "attributes": {
            "arn": "arn:aws:ec2:us-east-1:211125554315:vpc/vpc-0907dff8501113608",
            "assign_generated_ipv6_cidr_block": false,
            "cidr_block": "10.0.0.0/16",
            "default_network_acl_id": "acl-076c30a3ec8290c91",
            "default_route_table_id": "rtb-0f645c1a3a5682956",
            "default_security_group_id": "sg-0877808fa3931a22f",
            "dhcp_options_id": "dopt-05a9ab255e62bd971",
            "enable_dns_hostnames": true,
            "enable_dns_support": true,
            "enable_network_address_usage_metrics": false,
            "id": "vpc-0907dff8501113608",
            "instance_tenancy": "default",
            "ipv4_ipam_pool_id": null,
            "ipv4_netmask_length": null,
            "ipv6_association_id": "",
            "ipv6_cidr_block": "",
            "ipv6_cidr_block_network_border_group": "",
            "ipv6_ipam_pool_id": "",
            "ipv6_netmask_length": 0,
            "main_route_table_id": "rtb-0f645c1a3a5682956",
            "owner_id": "211125554315",
            "region": "us-east-1",
            "tags": {
              "Name": "cloud-project-vpc",
              "Project": "cloud-project"
            },
            "tags_all": {
              "Name": "cloud-project-vpc",
              "Project": "cloud-project"
            }
          },
          "sensitive_attributes": [],
          "identity_schema_version": 0,
          "identity": {
            "account_id": "211125554315",
            "id": "vpc-0907dff8501113608",
            "region": "us-east-1"
          },
          "private": "eyJzY2hlbWFfdmVyc2lvbiI6IjEifQ=="
        }
      ]
    },
    {
      "module": "module.security",
      "mode": "data",
      "type": "http",
      "name": "my_public_ip",
      "provider": "provider[\"registry.terraform.io/hashicorp/http\"]",
      "instances": [
        {
          "schema_version": 0,
          "attributes": {
            "body": "{\n  \"ip\": \"197.25.153.212\",\n  \"ip_decimal\": 3306789332,\n  \"country\": \"Tunisia\",\n  \"country_iso\": \"TN\",\n  \"country_eu\": false,\n  \"region_name\": \"Tunis Governorate\",\n  \"region_code\": \"11\",\n  \"city\": \"La Marsa\",\n  \"latitude\": 36.8752,\n  \"longitude\": 10.3341,\n  \"time_zone\": \"Africa/Tunis\",\n  \"asn\": \"AS37671\",\n  \"asn_org\": \"GLOBALNET-AS\",\n  \"user_agent\": {\n    \"product\": \"Go-http-client\",\n    \"version\": \"2.0\",\n    \"raw_value\": \"Go-http-client/2.0\"\n  }\n}",
            "ca_cert_pem": null,
            "client_cert_pem": null,
            "client_key_pem": null,
            "id": "https://ifconfig.co/json",
            "insecure": null,
            "method": null,
            "request_body": null,
            "request_headers": {
              "Accept": "application/json"
            },
            "request_timeout_ms": null,
            "response_body": "{\n  \"ip\": \"197.25.153.212\",\n  \"ip_decimal\": 3306789332,\n  \"country\": \"Tunisia\",\n  \"country_iso\": \"TN\",\n  \"country_eu\": false,\n  \"region_name\": \"Tunis Governorate\",\n  \"region_code\": \"11\",\n  \"city\": \"La Marsa\",\n  \"latitude\": 36.8752,\n  \"longitude\": 10.3341,\n  \"time_zone\": \"Africa/Tunis\",\n  \"asn\": \"AS37671\",\n  \"asn_org\": \"GLOBALNET-AS\",\n  \"user_agent\": {\n    \"product\": \"Go-http-client\",\n    \"version\": \"2.0\",\n    \"raw_value\": \"Go-http-client/2.0\"\n  }\n}",
            "response_body_base64": "ewogICJpcCI6ICIxOTcuMjUuMTUzLjIxMiIsCiAgImlwX2RlY2ltYWwiOiAzMzA2Nzg5MzMyLAogICJjb3VudHJ5IjogIlR1bmlzaWEiLAogICJjb3VudHJ5X2lzbyI6ICJUTiIsCiAgImNvdW50cnlfZXUiOiBmYWxzZSwKICAicmVnaW9uX25hbWUiOiAiVHVuaXMgR292ZXJub3JhdGUiLAogICJyZWdpb25fY29kZSI6ICIxMSIsCiAgImNpdHkiOiAiTGEgTWFyc2EiLAogICJsYXRpdHVkZSI6IDM2Ljg3NTIsCiAgImxvbmdpdHVkZSI6IDEwLjMzNDEsCiAgInRpbWVfem9uZSI6ICJBZnJpY2EvVHVuaXMiLAogICJhc24iOiAiQVMzNzY3MSIsCiAgImFzbl9vcmciOiAiR0xPQkFMTkVULUFTIiwKICAidXNlcl9hZ2VudCI6IHsKICAgICJwcm9kdWN0IjogIkdvLWh0dHAtY2xpZW50IiwKICAgICJ2ZXJzaW9uIjogIjIuMCIsCiAgICAicmF3X3ZhbHVlIjogIkdvLWh0dHAtY2xpZW50LzIuMCIKICB9Cn0=",
            "response_headers": {
              "Alt-Svc": "h3=\":443\"; ma=86400",
              "Cf-Cache-Status": "DYNAMIC",
              "Cf-Ray": "9ee6e48befdcf064-MRS",
              "Content-Type": "application/json",
              "Date": "Sat, 18 Apr 2026 21:51:46 GMT",
              "Nel": "{\"report_to\":\"cf-nel\",\"success_fraction\":0.0,\"max_age\":604800}",
              "Report-To": "{\"group\":\"cf-nel\",\"max_age\":604800,\"endpoints\":[{\"url\":\"https://a.nel.cloudflare.com/report/v4?s=KjUhpC0r6RTVtu6jjP6UUmFW5gJwxow%2FEhEM5vRVz%2BvrkbuWhx1aTNr1ilWeXyFbZS1cJjyVPpTyAMH4o1YVGyTxPSzdsXkyl3lPutgCqcW0X8fDj1YhLizee%2FMQ2Q%3D%3D\"}]}",
              "Server": "cloudflare"
            },
            "retry": null,
            "status_code": 200,
            "url": "https://ifconfig.co/json"
          },
          "sensitive_attributes": [],
          "identity_schema_version": 0
        }
      ]
    },
    {
      "module": "module.security",
      "mode": "managed",
      "type": "aws_security_group",
      "name": "alb_sg",
      "provider": "provider[\"registry.terraform.io/hashicorp/aws\"]",
      "instances": [
        {
          "schema_version": 1,
          "attributes": {
            "arn": "arn:aws:ec2:us-east-1:211125554315:security-group/sg-0db06459e117b42ff",
            "description": "Allow inbound HTTP from internet to ALB",
            "egress": [
              {
                "cidr_blocks": [
                  "0.0.0.0/0"
                ],
                "description": "Allow all outbound",
                "from_port": 0,
                "ipv6_cidr_blocks": [],
                "prefix_list_ids": [],
                "protocol": "-1",
                "security_groups": [],
                "self": false,
                "to_port": 0
              }
            ],
            "id": "sg-0db06459e117b42ff",
            "ingress": [
              {
                "cidr_blocks": [
                  "0.0.0.0/0"
                ],
                "description": "HTTP from internet",
                "from_port": 80,
                "ipv6_cidr_blocks": [],
                "prefix_list_ids": [],
                "protocol": "tcp",
                "security_groups": [],
                "self": false,
                "to_port": 80
              }
            ],
            "name": "cloud-project-alb-sg",
            "name_prefix": "",
            "owner_id": "211125554315",
            "region": "us-east-1",
            "revoke_rules_on_delete": false,
            "tags": {
              "Name": "cloud-project-alb-sg",
              "Project": "cloud-project"
            },
            "tags_all": {
              "Name": "cloud-project-alb-sg",
              "Project": "cloud-project"
            },
            "timeouts": null,
            "vpc_id": "vpc-0907dff8501113608"
          },
          "sensitive_attributes": [],
          "identity_schema_version": 0,
          "identity": {
            "account_id": "211125554315",
            "id": "sg-0db06459e117b42ff",
            "region": "us-east-1"
          },
          "private": "eyJlMmJmYjczMC1lY2FhLTExZTYtOGY4OC0zNDM2M2JjN2M0YzAiOnsiY3JlYXRlIjo2MDAwMDAwMDAwMDAsImRlbGV0ZSI6OTAwMDAwMDAwMDAwfSwic2NoZW1hX3ZlcnNpb24iOiIxIn0=",
          "dependencies": [
            "module.network.aws_vpc.main"
          ]
        }
      ]
    },
    {
      "module": "module.security",
      "mode": "managed",
      "type": "aws_security_group",
      "name": "backend_sg",
      "provider": "provider[\"registry.terraform.io/hashicorp/aws\"]",
      "instances": [
        {
          "schema_version": 1,
          "attributes": {
            "arn": "arn:aws:ec2:us-east-1:211125554315:security-group/sg-03cf43e48ef947262",
            "description": "Allow backend app traffic from ALB only",
            "egress": [
              {
                "cidr_blocks": [
                  "0.0.0.0/0"
                ],
                "description": "Allow all outbound",
                "from_port": 0,
                "ipv6_cidr_blocks": [],
                "prefix_list_ids": [],
                "protocol": "-1",
                "security_groups": [],
                "self": false,
                "to_port": 0
              }
            ],
            "id": "sg-03cf43e48ef947262",
            "ingress": [
              {
                "cidr_blocks": [],
                "description": "Backend app traffic from ALB",
                "from_port": 3000,
                "ipv6_cidr_blocks": [],
                "prefix_list_ids": [],
                "protocol": "tcp",
                "security_groups": [
                  "sg-0db06459e117b42ff"
                ],
                "self": false,
                "to_port": 3000
              }
            ],
            "name": "cloud-project-backend-sg",
            "name_prefix": "",
            "owner_id": "211125554315",
            "region": "us-east-1",
            "revoke_rules_on_delete": false,
            "tags": {
              "Name": "cloud-project-backend-sg",
              "Project": "cloud-project"
            },
            "tags_all": {
              "Name": "cloud-project-backend-sg",
              "Project": "cloud-project"
            },
            "timeouts": null,
            "vpc_id": "vpc-0907dff8501113608"
          },
          "sensitive_attributes": [],
          "identity_schema_version": 0,
          "identity": {
            "account_id": "211125554315",
            "id": "sg-03cf43e48ef947262",
            "region": "us-east-1"
          },
          "private": "eyJlMmJmYjczMC1lY2FhLTExZTYtOGY4OC0zNDM2M2JjN2M0YzAiOnsiY3JlYXRlIjo2MDAwMDAwMDAwMDAsImRlbGV0ZSI6OTAwMDAwMDAwMDAwfSwic2NoZW1hX3ZlcnNpb24iOiIxIn0=",
          "dependencies": [
            "module.network.aws_vpc.main",
            "module.security.aws_security_group.alb_sg"
          ]
        }
      ]
    },
    {
      "module": "module.security",
      "mode": "managed",
      "type": "aws_security_group",
      "name": "frontend_sg",
      "provider": "provider[\"registry.terraform.io/hashicorp/aws\"]",
      "instances": [
        {
          "schema_version": 1,
          "attributes": {
            "arn": "arn:aws:ec2:us-east-1:211125554315:security-group/sg-0cd2aa2270a88589e",
            "description": "Allow HTTP and SSH from internet to frontend",
            "egress": [
              {
                "cidr_blocks": [
                  "0.0.0.0/0"
                ],
                "description": "Allow all outbound",
                "from_port": 0,
                "ipv6_cidr_blocks": [],
                "prefix_list_ids": [],
                "protocol": "-1",
                "security_groups": [],
                "self": false,
                "to_port": 0
              }
            ],
            "id": "sg-0cd2aa2270a88589e",
            "ingress": [
              {
                "cidr_blocks": [
                  "0.0.0.0/0"
                ],
                "description": "HTTP from internet",
                "from_port": 80,
                "ipv6_cidr_blocks": [],
                "prefix_list_ids": [],
                "protocol": "tcp",
                "security_groups": [],
                "self": false,
                "to_port": 80
              },
              {
                "cidr_blocks": [
                  "197.25.153.212/32"
                ],
                "description": "SSH from internet for debugging",
                "from_port": 22,
                "ipv6_cidr_blocks": [],
                "prefix_list_ids": [],
                "protocol": "tcp",
                "security_groups": [],
                "self": false,
                "to_port": 22
              }
            ],
            "name": "cloud-project-frontend-sg",
            "name_prefix": "",
            "owner_id": "211125554315",
            "region": "us-east-1",
            "revoke_rules_on_delete": false,
            "tags": {
              "Name": "cloud-project-frontend-sg",
              "Project": "cloud-project"
            },
            "tags_all": {
              "Name": "cloud-project-frontend-sg",
              "Project": "cloud-project"
            },
            "timeouts": null,
            "vpc_id": "vpc-0907dff8501113608"
          },
          "sensitive_attributes": [],
          "identity_schema_version": 0,
          "identity": {
            "account_id": "211125554315",
            "id": "sg-0cd2aa2270a88589e",
            "region": "us-east-1"
          },
          "private": "eyJlMmJmYjczMC1lY2FhLTExZTYtOGY4OC0zNDM2M2JjN2M0YzAiOnsiY3JlYXRlIjo2MDAwMDAwMDAwMDAsImRlbGV0ZSI6OTAwMDAwMDAwMDAwfSwic2NoZW1hX3ZlcnNpb24iOiIxIn0=",
          "dependencies": [
            "module.network.aws_vpc.main",
            "module.security.data.http.my_public_ip"
          ]
        }
      ]
    },
    {
      "module": "module.security",
      "mode": "managed",
      "type": "aws_security_group",
      "name": "rds_sg",
      "provider": "provider[\"registry.terraform.io/hashicorp/aws\"]",
      "instances": [
        {
          "schema_version": 1,
          "attributes": {
            "arn": "arn:aws:ec2:us-east-1:211125554315:security-group/sg-0df729f02f85dee78",
            "description": "Allow PostgreSQL traffic from backend only",
            "egress": [
              {
                "cidr_blocks": [
                  "0.0.0.0/0"
                ],
                "description": "Allow all outbound",
                "from_port": 0,
                "ipv6_cidr_blocks": [],
                "prefix_list_ids": [],
                "protocol": "-1",
                "security_groups": [],
                "self": false,
                "to_port": 0
              }
            ],
            "id": "sg-0df729f02f85dee78",
            "ingress": [
              {
                "cidr_blocks": [],
                "description": "PostgreSQL from backend",
                "from_port": 5432,
                "ipv6_cidr_blocks": [],
                "prefix_list_ids": [],
                "protocol": "tcp",
                "security_groups": [
                  "sg-03cf43e48ef947262"
                ],
                "self": false,
                "to_port": 5432
              }
            ],
            "name": "cloud-project-rds-sg",
            "name_prefix": "",
            "owner_id": "211125554315",
            "region": "us-east-1",
            "revoke_rules_on_delete": false,
            "tags": {
              "Name": "cloud-project-rds-sg",
              "Project": "cloud-project"
            },
            "tags_all": {
              "Name": "cloud-project-rds-sg",
              "Project": "cloud-project"
            },
            "timeouts": null,
            "vpc_id": "vpc-0907dff8501113608"
          },
          "sensitive_attributes": [],
          "identity_schema_version": 0,
          "identity": {
            "account_id": "211125554315",
            "id": "sg-0df729f02f85dee78",
            "region": "us-east-1"
          },
          "private": "eyJlMmJmYjczMC1lY2FhLTExZTYtOGY4OC0zNDM2M2JjN2M0YzAiOnsiY3JlYXRlIjo2MDAwMDAwMDAwMDAsImRlbGV0ZSI6OTAwMDAwMDAwMDAwfSwic2NoZW1hX3ZlcnNpb24iOiIxIn0=",
          "dependencies": [
            "module.network.aws_vpc.main",
            "module.security.aws_security_group.alb_sg",
            "module.security.aws_security_group.backend_sg"
          ]
        }
      ]
    }
  ],
  "check_results": null
}
